<?xml version="1.0" encoding="utf-8"?>
<Project ToolsVersion="4.0" xmlns="http://schemas.microsoft.com/developer/msbuild/2003">
  <ItemGroup>
    <Filter Include="Source Files">
      <UniqueIdentifier>{4FC737F1-C7A5-4376-A066-2A32D752A2FF}</UniqueIdentifier>
      <Extensions>cpp;c;cc;cxx;def;odl;idl;hpj;bat;asm;asmx</Extensions>
    </Filter>
    <Filter Include="Header Files">
      <UniqueIdentifier>{93995380-89BD-4b04-88EB-625FBE52EBFB}</UniqueIdentifier>
      <Extensions>h;hh;hpp;hxx;hm;inl;inc;ipp;xsd</Extensions>
    </Filter>
    <Filter Include="Resource Files">
      <UniqueIdentifier>{67DA6AB6-F800-4c08-8B7A-83BB121AAD01}</UniqueIdentifier>
      <Extensions>rc;ico;cur;bmp;dlg;rc2;rct;bin;rgs;gif;jpg;jpeg;jpe;resx;tiff;tif;png;wav;mfcribbon-ms</Extensions>
    </Filter>
    <Filter Include="Framework">
      <UniqueIdentifier>{9642d0e4-d036-49ad-a197-85d6bdfe26e1}</UniqueIdentifier>
    </Filter>
    <Filter Include="Framework\Header">
      <UniqueIdentifier>{4ff42e2a-8c18-4b6d-a306-35a94dd43d6d}</UniqueIdentifier>
    </Filter>
    <Filter Include="Framework\Base">
      <UniqueIdentifier>{93451552-a035-4382-9e2d-4ff5ae7c222c}</UniqueIdentifier>
    </Filter>
    <Filter Include="Framework\GameManager">
      <UniqueIdentifier>{bd78a859-fcb9-42b8-a302-06a6cac35b2c}</UniqueIdentifier>
    </Filter>
    <Filter Include="Framework\Component">
      <UniqueIdentifier>{9ce2d15a-2b0b-45b0-a794-c439ebe1ab74}</UniqueIdentifier>
    </Filter>
    <Filter Include="Framework\Object">
      <UniqueIdentifier>{a5f43aa6-2cc2-4a4a-8a98-947dfe6255c4}</UniqueIdentifier>
    </Filter>
  </ItemGroup>
  <ItemGroup>
    <ClInclude Include="stdafx.h">
      <Filter>Header Files</Filter>
    </ClInclude>
    <ClInclude Include="targetver.h">
      <Filter>Header Files</Filter>
    </ClInclude>
    <ClInclude Include="Macros.h">
      <Filter>Framework\Header</Filter>
    </ClInclude>
    <ClInclude Include="Window.h">
      <Filter>Framework\Base</Filter>
    </ClInclude>
    <ClInclude Include="Graphic.h">
      <Filter>Framework\Base</Filter>
    </ClInclude>
    <ClInclude Include="Component.h">
      <Filter>Framework\Component</Filter>
    </ClInclude>
    <ClInclude Include="Rigidbody.h">
      <Filter>Framework\Component</Filter>
    </ClInclude>
    <ClInclude Include="Renderer.h">
      <Filter>Framework\Component</Filter>
    </ClInclude>
    <ClInclude Include="Transform.h">
      <Filter>Framework\Component</Filter>
    </ClInclude>
    <ClInclude Include="GameManager.h">
      <Filter>Framework\GameManager</Filter>
    </ClInclude>
    <ClInclude Include="GameObject.h">
      <Filter>Framework\Object</Filter>
    </ClInclude>
    <ClInclude Include="Object.h">
      <Filter>Framework\Object</Filter>
    </ClInclude>
    <ClInclude Include="Scene.h">
      <Filter>Framework\GameManager</Filter>
    </ClInclude>
    <ClInclude Include="Input.h">
      <Filter>Framework\Base</Filter>
    </ClInclude>
  </ItemGroup>
  <ItemGroup>
    <ClCompile Include="stdafx.cpp">
      <Filter>Source Files</Filter>
    </ClCompile>
    <ClCompile Include="Window.cpp">
      <Filter>Framework\Base</Filter>
    </ClCompile>
    <ClCompile Include="Graphic.cpp">
      <Filter>Framework\Base</Filter>
    </ClCompile>
    <ClCompile Include="Component.cpp">
      <Filter>Framework\Component</Filter>
    </ClCompile>
    <ClCompile Include="Renderer.cpp">
      <Filter>Framework\Component</Filter>
    </ClCompile>
    <ClCompile Include="Rigidbody.cpp">
      <Filter>Framework\Component</Filter>
    </ClCompile>
    <ClCompile Include="Transform.cpp">
      <Filter>Framework\Component</Filter>
    </ClCompile>
    <ClCompile Include="main.cpp">
      <Filter>Source Files</Filter>
    </ClCompile>
    <ClCompile Include="GameManager.cpp">
      <Filter>Framework\GameManager</Filter>
    </ClCompile>
    <ClCompile Include="GameObject.cpp">
      <Filter>Framework\Object</Filter>
    </ClCompile>
    <ClCompile Include="Object.cpp">
      <Filter>Framework\Object</Filter>
    </ClCompile>
    <ClCompile Include="Scene.cpp">
      <Filter>Framework\GameManager</Filter>
    </ClCompile>
    <ClCompile Include="Input.cpp">
      <Filter>Framework\Base</Filter>
    </ClCompile>
  </ItemGroup>
</Project>