<?xml version="1.0" encoding="utf-8"?>
<Project ToolsVersion="4.0" xmlns="http://schemas.microsoft.com/developer/msbuild/2003">
  <ItemGroup>
    <Filter Include="Source Files">
      <UniqueIdentifier>{4FC737F1-C7A5-4376-A066-2A32D752A2FF}</UniqueIdentifier>
      <Extensions>cpp;c;cc;cxx;def;odl;idl;hpj;bat;asm;asmx</Extensions>
    </Filter>
    <Filter Include="Header Files">
      <UniqueIdentifier>{93995380-89BD-4b04-88EB-625FBE52EBFB}</UniqueIdentifier>
      <Extensions>h;hh;hpp;hxx;hm;inl;inc;ipp;xsd</Extensions>
    </Filter>
    <Filter Include="Resource Files">
      <UniqueIdentifier>{67DA6AB6-F800-4c08-8B7A-83BB121AAD01}</UniqueIdentifier>
      <Extensions>rc;ico;cur;bmp;dlg;rc2;rct;bin;rgs;gif;jpg;jpeg;jpe;resx;tiff;tif;png;wav;mfcribbon-ms</Extensions>
    </Filter>
    <Filter Include="Framework">
      <UniqueIdentifier>{bdafef22-81ae-4032-93a6-c35aaf4f0639}</UniqueIdentifier>
    </Filter>
    <Filter Include="Framework\GameManager">
      <UniqueIdentifier>{df9d4f26-f71f-4963-9265-75842a918f7f}</UniqueIdentifier>
    </Filter>
    <Filter Include="Framework\Header">
      <UniqueIdentifier>{cc9a81df-dff7-4d59-99a6-340b0237d2aa}</UniqueIdentifier>
    </Filter>
    <Filter Include="Framework\Object">
      <UniqueIdentifier>{965779f7-c56e-4cd0-94ad-db2f99fc3561}</UniqueIdentifier>
    </Filter>
    <Filter Include="Framework\Base">
      <UniqueIdentifier>{e808ad6a-c9fc-49fc-8607-278fc06327ea}</UniqueIdentifier>
    </Filter>
    <Filter Include="Framework\Component">
      <UniqueIdentifier>{12ef78e8-8e7e-48b8-ac52-8d86b00109f4}</UniqueIdentifier>
    </Filter>
  </ItemGroup>
  <ItemGroup>
    <ClCompile Include="GameManager.cpp">
      <Filter>Framework\GameManager</Filter>
    </ClCompile>
    <ClCompile Include="Window.cpp">
      <Filter>Framework\Base</Filter>
    </ClCompile>
    <ClCompile Include="GameObject.cpp">
      <Filter>Framework\Object</Filter>
    </ClCompile>
    <ClCompile Include="Component.cpp">
      <Filter>Framework\Component</Filter>
    </ClCompile>
    <ClCompile Include="Renderer.cpp">
      <Filter>Framework\Component</Filter>
    </ClCompile>
    <ClCompile Include="Transform.cpp">
      <Filter>Framework\Component</Filter>
    </ClCompile>
    <ClCompile Include="Rigidbody.cpp">
      <Filter>Framework\Component</Filter>
    </ClCompile>
    <ClCompile Include="Input.cpp">
      <Filter>Framework\Base</Filter>
    </ClCompile>
    <ClCompile Include="Behavior.cpp">
      <Filter>Framework\Component</Filter>
    </ClCompile>
    <ClCompile Include="Object.cpp">
      <Filter>Framework\Object</Filter>
    </ClCompile>
    <ClCompile Include="Scene.cpp">
      <Filter>Framework\Object</Filter>
    </ClCompile>
    <ClCompile Include="Graphic.cpp">
      <Filter>Framework\Base</Filter>
    </ClCompile>
  </ItemGroup>
  <ItemGroup>
    <ClInclude Include="GameManager.h">
      <Filter>Framework\GameManager</Filter>
    </ClInclude>
    <ClInclude Include="Header.h">
      <Filter>Framework\Header</Filter>
    </ClInclude>
    <ClInclude Include="Macros.h">
      <Filter>Framework\Header</Filter>
    </ClInclude>
    <ClInclude Include="Window.h">
      <Filter>Framework\Base</Filter>
    </ClInclude>
    <ClInclude Include="GameObject.h">
      <Filter>Framework\Object</Filter>
    </ClInclude>
    <ClInclude Include="Component.h">
      <Filter>Framework\Component</Filter>
    </ClInclude>
    <ClInclude Include="Renderer.h">
      <Filter>Framework\Component</Filter>
    </ClInclude>
    <ClInclude Include="Transform.h">
      <Filter>Framework\Component</Filter>
    </ClInclude>
    <ClInclude Include="Rigidbody.h">
      <Filter>Framework\Component</Filter>
    </ClInclude>
    <ClInclude Include="Input.h">
      <Filter>Framework\Base</Filter>
    </ClInclude>
    <ClInclude Include="Behavior.h">
      <Filter>Framework\Component</Filter>
    </ClInclude>
    <ClInclude Include="Object.h">
      <Filter>Framework\Object</Filter>
    </ClInclude>
    <ClInclude Include="Scene.h">
      <Filter>Framework\Object</Filter>
    </ClInclude>
    <ClInclude Include="Graphic.h">
      <Filter>Framework\Base</Filter>
    </ClInclude>
  </ItemGroup>
</Project>