<?xml version="1.0" encoding="utf-8"?>
<Project ToolsVersion="4.0" xmlns="http://schemas.microsoft.com/developer/msbuild/2003">
  <ItemGroup>
    <Filter Include="Source Files">
      <UniqueIdentifier>{4FC737F1-C7A5-4376-A066-2A32D752A2FF}</UniqueIdentifier>
      <Extensions>cpp;c;cc;cxx;def;odl;idl;hpj;bat;asm;asmx</Extensions>
    </Filter>
    <Filter Include="Resource Files">
      <UniqueIdentifier>{67DA6AB6-F800-4c08-8B7A-83BB121AAD01}</UniqueIdentifier>
      <Extensions>rc;ico;cur;bmp;dlg;rc2;rct;bin;rgs;gif;jpg;jpeg;jpe;resx;tiff;tif;png;wav;mfcribbon-ms</Extensions>
    </Filter>
    <Filter Include="Controller">
      <UniqueIdentifier>{93995380-89BD-4b04-88EB-625FBE52EBFB}</UniqueIdentifier>
      <Extensions>h;hh;hpp;hxx;hm;inl;inc;ipp;xsd</Extensions>
    </Filter>
    <Filter Include="Classes">
      <UniqueIdentifier>{1fd4fdca-01db-4f15-8fdb-5fc8ad85745e}</UniqueIdentifier>
    </Filter>
  </ItemGroup>
  <ItemGroup>
    <ClCompile Include="main.cpp">
      <Filter>Source Files</Filter>
    </ClCompile>
    <ClCompile Include="CameraController.cpp">
      <Filter>Controller</Filter>
    </ClCompile>
    <ClCompile Include="GroundController.cpp">
      <Filter>Controller</Filter>
    </ClCompile>
    <ClCompile Include="PlayerController.cpp">
      <Filter>Controller</Filter>
    </ClCompile>
    <ClCompile Include="MachineController.cpp">
      <Filter>Controller</Filter>
    </ClCompile>
    <ClCompile Include="NotorBangerEnemyController.cpp">
      <Filter>Controller</Filter>
    </ClCompile>
    <ClCompile Include="BusterShotController.cpp">
      <Filter>Controller</Filter>
    </ClCompile>
    <ClCompile Include="HeadGunnerEnemyController.cpp">
      <Filter>Controller</Filter>
    </ClCompile>
    <ClCompile Include="GenjiBosController.cpp">
      <Filter>Controller</Filter>
    </ClCompile>
    <ClCompile Include="BulletController.cpp">
      <Filter>Controller</Filter>
    </ClCompile>
    <ClCompile Include="CanBeAttacked.cpp">
      <Filter>Classes</Filter>
    </ClCompile>
    <ClCompile Include="CanAttacked.cpp">
      <Filter>Classes</Filter>
    </ClCompile>
    <ClCompile Include="HealthValueController.cpp">
      <Filter>Controller</Filter>
    </ClCompile>
    <ClCompile Include="DoorController.cpp">
      <Filter>Controller</Filter>
    </ClCompile>
    <ClCompile Include="EffectAutoRemove.cpp">
      <Filter>Controller</Filter>
    </ClCompile>
    <ClCompile Include="DashFullEffect.cpp">
      <Filter>Controller</Filter>
    </ClCompile>
    <ClCompile Include="EffectPool.cpp">
      <Filter>Classes</Filter>
    </ClCompile>
    <ClCompile Include="BulletPool.cpp">
      <Filter>Classes</Filter>
    </ClCompile>
    <ClCompile Include="BuildingController.cpp">
      <Filter>Controller</Filter>
    </ClCompile>
    <ClCompile Include="CarryAimController.cpp">
      <Filter>Controller</Filter>
    </ClCompile>
    <ClCompile Include="Template.cpp">
      <Filter>Controller</Filter>
    </ClCompile>
    <ClCompile Include="BoxController.cpp">
      <Filter>Controller</Filter>
    </ClCompile>
    <ClCompile Include="MetaCapsuleController.cpp">
      <Filter>Classes</Filter>
    </ClCompile>
    <ClCompile Include="BlastHornetController.cpp">
      <Filter>Controller</Filter>
    </ClCompile>
    <ClCompile Include="BlastHornetChildController.cpp">
      <Filter>Controller</Filter>
    </ClCompile>
    <ClCompile Include="BlastHornetChild2Controller.cpp">
      <Filter>Controller</Filter>
    </ClCompile>
    <ClCompile Include="BlastHornetBulletController.cpp">
      <Filter>Controller</Filter>
    </ClCompile>
    <ClCompile Include="ShurikeinController.cpp">
      <Filter>Controller</Filter>
    </ClCompile>
    <ClCompile Include="ChargeShotController.cpp">
      <Filter>Controller</Filter>
    </ClCompile>
    <ClCompile Include="ScrollingWheelController.cpp">
      <Filter>Controller</Filter>
    </ClCompile>
    <ClCompile Include="CanHeal.cpp">
      <Filter>Classes</Filter>
    </ClCompile>
    <ClCompile Include="HealItemController.cpp">
      <Filter>Controller</Filter>
    </ClCompile>
  </ItemGroup>
  <ItemGroup>
    <ClInclude Include="CameraController.h">
      <Filter>Controller</Filter>
    </ClInclude>
    <ClInclude Include="GroundController.h">
      <Filter>Controller</Filter>
    </ClInclude>
    <ClInclude Include="PlayerController.h">
      <Filter>Controller</Filter>
    </ClInclude>
    <ClInclude Include="MachineController.h">
      <Filter>Controller</Filter>
    </ClInclude>
    <ClInclude Include="NotorBangerEnemyController.h">
      <Filter>Controller</Filter>
    </ClInclude>
    <ClInclude Include="BusterShotController.h">
      <Filter>Controller</Filter>
    </ClInclude>
    <ClInclude Include="HeadGunnerEnemyController.h">
      <Filter>Controller</Filter>
    </ClInclude>
    <ClInclude Include="GenjiBosController.h">
      <Filter>Controller</Filter>
    </ClInclude>
    <ClInclude Include="BulletController.h">
      <Filter>Controller</Filter>
    </ClInclude>
    <ClInclude Include="Macros.h">
      <Filter>Controller</Filter>
    </ClInclude>
    <ClInclude Include="CanBeAttacked.h">
      <Filter>Classes</Filter>
    </ClInclude>
    <ClInclude Include="CanAttacked.h">
      <Filter>Classes</Filter>
    </ClInclude>
    <ClInclude Include="HealthValueController.h">
      <Filter>Controller</Filter>
    </ClInclude>
    <ClInclude Include="DoorController.h">
      <Filter>Controller</Filter>
    </ClInclude>
    <ClInclude Include="EffectAutoRemove.h">
      <Filter>Controller</Filter>
    </ClInclude>
    <ClInclude Include="DashFullEffect.h">
      <Filter>Controller</Filter>
    </ClInclude>
    <ClInclude Include="EffectPool.h">
      <Filter>Classes</Filter>
    </ClInclude>
    <ClInclude Include="BulletPool.h">
      <Filter>Classes</Filter>
    </ClInclude>
    <ClInclude Include="BuildingController.h">
      <Filter>Controller</Filter>
    </ClInclude>
    <ClInclude Include="CarryAimController.h">
      <Filter>Controller</Filter>
    </ClInclude>
    <ClInclude Include="Template.h">
      <Filter>Controller</Filter>
    </ClInclude>
    <ClInclude Include="BoxController.h">
      <Filter>Controller</Filter>
    </ClInclude>
    <ClInclude Include="MetaCapsuleController.h">
      <Filter>Classes</Filter>
    </ClInclude>
    <ClInclude Include="BlastHornetController.h">
      <Filter>Controller</Filter>
    </ClInclude>
    <ClInclude Include="BlastHornetChildController.h">
      <Filter>Controller</Filter>
    </ClInclude>
    <ClInclude Include="BlastHornetChild2Controller.h">
      <Filter>Controller</Filter>
    </ClInclude>
    <ClInclude Include="BlastHornetBulletController.h">
      <Filter>Controller</Filter>
    </ClInclude>
    <ClInclude Include="ShurikeinController.h">
      <Filter>Controller</Filter>
    </ClInclude>
    <ClInclude Include="ChargeShotController.h">
      <Filter>Controller</Filter>
    </ClInclude>
    <ClInclude Include="ScrollingWheelController.h">
      <Filter>Controller</Filter>
    </ClInclude>
    <ClInclude Include="CanHeal.h">
      <Filter>Classes</Filter>
    </ClInclude>
    <ClInclude Include="HealItemController.h">
      <Filter>Controller</Filter>
    </ClInclude>
  </ItemGroup>
</Project>